
Microsoft Visual Studio Solution File, Format Version 12.00
# Visual Studio Version 17
VisualStudioVersion = 17.7.34221.43
MinimumVisualStudioVersion = 10.0.40219.1
Project("{54A90642-561A-4BB1-A94E-469ADEE60C69}") = "WorldCities", "WorldCities\WorldCities.esproj", "{7BE8138A-15E7-4B45-AF68-A06C1585EDAF}"
EndProject
Project("{FAE04EC0-301F-11D3-BF4B-00C04F79EFBC}") = "WorldCitiesAPI", "WorldCitiesAPI\WorldCitiesAPI.csproj", "{F466F1A9-2928-494F-B71C-4F20AB7DA956}"
EndProject
Global
	GlobalSection(SolutionConfigurationPlatforms) = preSolution
		Debug|Any CPU = Debug|Any CPU
		Release|Any CPU = Release|Any CPU
	EndGlobalSection
	GlobalSection(ProjectConfigurationPlatforms) = postSolution
		{7BE8138A-15E7-4B45-AF68-A06C1585EDAF}.Debug|Any CPU.ActiveCfg = Debug|Any CPU
		{7BE8138A-15E7-4B45-AF68-A06C1585EDAF}.Debug|Any CPU.Build.0 = Debug|Any CPU
		{7BE8138A-15E7-4B45-AF68-A06C1585EDAF}.Debug|Any CPU.Deploy.0 = Debug|Any CPU
		{7BE8138A-15E7-4B45-AF68-A06C1585EDAF}.Release|Any CPU.ActiveCfg = Release|Any CPU
		{7BE8138A-15E7-4B45-AF68-A06C1585EDAF}.Release|Any CPU.Build.0 = Release|Any CPU
		{7BE8138A-15E7-4B45-AF68-A06C1585EDAF}.Release|Any CPU.Deploy.0 = Release|Any CPU
		{F466F1A9-2928-494F-B71C-4F20AB7DA956}.Debug|Any CPU.ActiveCfg = Debug|Any CPU
		{F466F1A9-2928-494F-B71C-4F20AB7DA956}.Debug|Any CPU.Build.0 = Debug|Any CPU
		{F466F1A9-2928-494F-B71C-4F20AB7DA956}.Release|Any CPU.ActiveCfg = Release|Any CPU
		{F466F1A9-2928-494F-B71C-4F20AB7DA956}.Release|Any CPU.Build.0 = Release|Any CPU
	EndGlobalSection
	GlobalSection(SolutionProperties) = preSolution
		HideSolutionNode = FALSE
	EndGlobalSection
	GlobalSection(ExtensibilityGlobals) = postSolution
		SolutionGuid = {AE72200C-B79A-467C-80D4-DB1EDAC069CC}
	EndGlobalSection
EndGlobal
